
Microsoft Visual Studio Solution File, Format Version 12.00
Project("{FAE04EC0-301F-11D3-BF4B-00C04F79EFBC}") = "LootSpawner", "LootSpawner\LootSpawner.csproj", "{01641908-16C0-42D7-B1EA-49801F078B0F}"
EndProject
Project("{FAE04EC0-301F-11D3-BF4B-00C04F79EFBC}") = "LootSpawnerClient", "LootSpawnerClient\LootSpawnerClient.csproj", "{242B5E14-452A-4664-8A00-67BCC2623527}"
EndProject
Global
	GlobalSection(SolutionConfigurationPlatforms) = preSolution
		Debug|Any CPU = Debug|Any CPU
		Release|Any CPU = Release|Any CPU
	EndGlobalSection
	GlobalSection(ProjectConfigurationPlatforms) = postSolution
		{01641908-16C0-42D7-B1EA-49801F078B0F}.Debug|Any CPU.ActiveCfg = Debug|Any CPU
		{01641908-16C0-42D7-B1EA-49801F078B0F}.Debug|Any CPU.Build.0 = Debug|Any CPU
		{01641908-16C0-42D7-B1EA-49801F078B0F}.Release|Any CPU.ActiveCfg = Release|Any CPU
		{01641908-16C0-42D7-B1EA-49801F078B0F}.Release|Any CPU.Build.0 = Release|Any CPU
		{242B5E14-452A-4664-8A00-67BCC2623527}.Debug|Any CPU.ActiveCfg = Debug|Any CPU
		{242B5E14-452A-4664-8A00-67BCC2623527}.Debug|Any CPU.Build.0 = Debug|Any CPU
		{242B5E14-452A-4664-8A00-67BCC2623527}.Release|Any CPU.ActiveCfg = Release|Any CPU
		{242B5E14-452A-4664-8A00-67BCC2623527}.Release|Any CPU.Build.0 = Release|Any CPU
	EndGlobalSection
EndGlobal
